
Microsoft Visual Studio Solution File, Format Version 12.00
# Visual Studio Version 17
VisualStudioVersion = 17.0.31903.59
MinimumVisualStudioVersion = 10.0.40219.1
Project("{FAE04EC0-301F-11D3-BF4B-00C04F79EFBC}") = "task4", "task4\task4.csproj", "{19F91871-33D0-41D2-A8A7-F4D78534694E}"
EndProject
Global
	GlobalSection(SolutionConfigurationPlatforms) = preSolution
		Debug|Any CPU = Debug|Any CPU
		Debug|x64 = Debug|x64
		Debug|x86 = Debug|x86
		Release|Any CPU = Release|Any CPU
		Release|x64 = Release|x64
		Release|x86 = Release|x86
	EndGlobalSection
	GlobalSection(ProjectConfigurationPlatforms) = postSolution
		{19F91871-33D0-41D2-A8A7-F4D78534694E}.Debug|Any CPU.ActiveCfg = Debug|Any CPU
		{19F91871-33D0-41D2-A8A7-F4D78534694E}.Debug|Any CPU.Build.0 = Debug|Any CPU
		{19F91871-33D0-41D2-A8A7-F4D78534694E}.Debug|x64.ActiveCfg = Debug|Any CPU
		{19F91871-33D0-41D2-A8A7-F4D78534694E}.Debug|x64.Build.0 = Debug|Any CPU
		{19F91871-33D0-41D2-A8A7-F4D78534694E}.Debug|x86.ActiveCfg = Debug|Any CPU
		{19F91871-33D0-41D2-A8A7-F4D78534694E}.Debug|x86.Build.0 = Debug|Any CPU
		{19F91871-33D0-41D2-A8A7-F4D78534694E}.Release|Any CPU.ActiveCfg = Release|Any CPU
		{19F91871-33D0-41D2-A8A7-F4D78534694E}.Release|Any CPU.Build.0 = Release|Any CPU
		{19F91871-33D0-41D2-A8A7-F4D78534694E}.Release|x64.ActiveCfg = Release|Any CPU
		{19F91871-33D0-41D2-A8A7-F4D78534694E}.Release|x64.Build.0 = Release|Any CPU
		{19F91871-33D0-41D2-A8A7-F4D78534694E}.Release|x86.ActiveCfg = Release|Any CPU
		{19F91871-33D0-41D2-A8A7-F4D78534694E}.Release|x86.Build.0 = Release|Any CPU
	EndGlobalSection
	GlobalSection(SolutionProperties) = preSolution
		HideSolutionNode = FALSE
	EndGlobalSection
EndGlobal
